// !$*UTF8*$!
{
	archiveVersion = 1;
	classes = {
	};
	objectVersion = 55;
	objects = {

/* Begin PBXBuildFile section */
		B68D6EAB28C280C70054FBF2 /* AppDelegate.swift in Sources */ = {isa = PBXBuildFile; fileRef = B68D6EAA28C280C70054FBF2 /* AppDelegate.swift */; };
		B68D6EAD28C280C70054FBF2 /* SceneDelegate.swift in Sources */ = {isa = PBXBuildFile; fileRef = B68D6EAC28C280C70054FBF2 /* SceneDelegate.swift */; };
		B68D6EAF28C280C70054FBF2 /* ViewController.swift in Sources */ = {isa = PBXBuildFile; fileRef = B68D6EAE28C280C70054FBF2 /* ViewController.swift */; };
		B68D6EB228C280C70054FBF2 /* Main.storyboard in Resources */ = {isa = PBXBuildFile; fileRef = B68D6EB028C280C70054FBF2 /* Main.storyboard */; };
		B68D6EB428C280C90054FBF2 /* Assets.xcassets in Resources */ = {isa = PBXBuildFile; fileRef = B68D6EB328C280C90054FBF2 /* Assets.xcassets */; };
		B68D6EB728C280C90054FBF2 /* LaunchScreen.storyboard in Resources */ = {isa = PBXBuildFile; fileRef = B68D6EB528C280C90054FBF2 /* LaunchScreen.storyboard */; };
		B68D6EC228C280C90054FBF2 /* IBBasicsTests.swift in Sources */ = {isa = PBXBuildFile; fileRef = B68D6EC128C280C90054FBF2 /* IBBasicsTests.swift */; };
		B68D6ECC28C280C90054FBF2 /* IBBasicsUITests.swift in Sources */ = {isa = PBXBuildFile; fileRef = B68D6ECB28C280C90054FBF2 /* IBBasicsUITests.swift */; };
		B68D6ECE28C280C90054FBF2 /* IBBasicsUITestsLaunchTests.swift in Sources */ = {isa = PBXBuildFile; fileRef = B68D6ECD28C280C90054FBF2 /* IBBasicsUITestsLaunchTests.swift */; };
/* End PBXBuildFile section */

/* Begin PBXContainerItemProxy section */
		B68D6EBE28C280C90054FBF2 /* PBXContainerItemProxy */ = {
			isa = PBXContainerItemProxy;
			containerPortal = B68D6E9F28C280C70054FBF2 /* Project object */;
			proxyType = 1;
			remoteGlobalIDString = B68D6EA628C280C70054FBF2;
			remoteInfo = IBBasics;
		};
		B68D6EC828C280C90054FBF2 /* PBXContainerItemProxy */ = {
			isa = PBXContainerItemProxy;
			containerPortal = B68D6E9F28C280C70054FBF2 /* Project object */;
			proxyType = 1;
			remoteGlobalIDString = B68D6EA628C280C70054FBF2;
			remoteInfo = IBBasics;
		};
/* End PBXContainerItemProxy section */

/* Begin PBXFileReference section */
		B68D6EA728C280C70054FBF2 /* IBBasics.app */ = {isa = PBXFileReference; explicitFileType = wrapper.application; includeInIndex = 0; path = IBBasics.app; sourceTree = BUILT_PRODUCTS_DIR; };
		B68D6EAA28C280C70054FBF2 /* AppDelegate.swift */ = {isa = PBXFileReference; lastKnownFileType = sourcecode.swift; path = AppDelegate.swift; sourceTree = "<group>"; };
		B68D6EAC28C280C70054FBF2 /* SceneDelegate.swift */ = {isa = PBXFileReference; lastKnownFileType = sourcecode.swift; path = SceneDelegate.swift; sourceTree = "<group>"; };
		B68D6EAE28C280C70054FBF2 /* ViewController.swift */ = {isa = PBXFileReference; lastKnownFileType = sourcecode.swift; path = ViewController.swift; sourceTree = "<group>"; };
		B68D6EB128C280C70054FBF2 /* Base */ = {isa = PBXFileReference; lastKnownFileType = file.storyboard; name = Base; path = Base.lproj/Main.storyboard; sourceTree = "<group>"; };
		B68D6EB328C280C90054FBF2 /* Assets.xcassets */ = {isa = PBXFileReference; lastKnownFileType = folder.assetcatalog; path = Assets.xcassets; sourceTree = "<group>"; };
		B68D6EB628C280C90054FBF2 /* Base */ = {isa = PBXFileReference; lastKnownFileType = file.storyboard; name = Base; path = Base.lproj/LaunchScreen.storyboard; sourceTree = "<group>"; };
		B68D6EB828C280C90054FBF2 /* Info.plist */ = {isa = PBXFileReference; lastKnownFileType = text.plist.xml; path = Info.plist; sourceTree = "<group>"; };
		B68D6EBD28C280C90054FBF2 /* IBBasicsTests.xctest */ = {isa = PBXFileReference; explicitFileType = wrapper.cfbundle; includeInIndex = 0; path = IBBasicsTests.xctest; sourceTree = BUILT_PRODUCTS_DIR; };
		B68D6EC128C280C90054FBF2 /* IBBasicsTests.swift */ = {isa = PBXFileReference; lastKnownFileType = sourcecode.swift; path = IBBasicsTests.swift; sourceTree = "<group>"; };
		B68D6EC728C280C90054FBF2 /* IBBasicsUITests.xctest */ = {isa = PBXFileReference; explicitFileType = wrapper.cfbundle; includeInIndex = 0; path = IBBasicsUITests.xctest; sourceTree = BUILT_PRODUCTS_DIR; };
		B68D6ECB28C280C90054FBF2 /* IBBasicsUITests.swift */ = {isa = PBXFileReference; lastKnownFileType = sourcecode.swift; path = IBBasicsUITests.swift; sourceTree = "<group>"; };
		B68D6ECD28C280C90054FBF2 /* IBBasicsUITestsLaunchTests.swift */ = {isa = PBXFileReference; lastKnownFileType = sourcecode.swift; path = IBBasicsUITestsLaunchTests.swift; sourceTree = "<group>"; };
/* End PBXFileReference section */

/* Begin PBXFrameworksBuildPhase section */
		B68D6EA428C280C70054FBF2 /* Frameworks */ = {
			isa = PBXFrameworksBuildPhase;
			buildActionMask = 2147483647;
			files = (
			);
			runOnlyForDeploymentPostprocessing = 0;
		};
		B68D6EBA28C280C90054FBF2 /* Frameworks */ = {
			isa = PBXFrameworksBuildPhase;
			buildActionMask = 2147483647;
			files = (
			);
			runOnlyForDeploymentPostprocessing = 0;
		};
		B68D6EC428C280C90054FBF2 /* Frameworks */ = {
			isa = PBXFrameworksBuildPhase;
			buildActionMask = 2147483647;
			files = (
			);
			runOnlyForDeploymentPostprocessing = 0;
		};
/* End PBXFrameworksBuildPhase section */

/* Begin PBXGroup section */
		B68D6E9E28C280C70054FBF2 = {
			isa = PBXGroup;
			children = (
				B68D6EA928C280C70054FBF2 /* IBBasics */,
				B68D6EC028C280C90054FBF2 /* IBBasicsTests */,
				B68D6ECA28C280C90054FBF2 /* IBBasicsUITests */,
				B68D6EA828C280C70054FBF2 /* Products */,
			);
			sourceTree = "<group>";
		};
		B68D6EA828C280C70054FBF2 /* Products */ = {
			isa = PBXGroup;
			children = (
				B68D6EA728C280C70054FBF2 /* IBBasics.app */,
				B68D6EBD28C280C90054FBF2 /* IBBasicsTests.xctest */,
				B68D6EC728C280C90054FBF2 /* IBBasicsUITests.xctest */,
			);
			name = Products;
			sourceTree = "<group>";
		};
		B68D6EA928C280C70054FBF2 /* IBBasics */ = {
			isa = PBXGroup;
			children = (
				B68D6EAA28C280C70054FBF2 /* AppDelegate.swift */,
				B68D6EAC28C280C70054FBF2 /* SceneDelegate.swift */,
				B68D6EAE28C280C70054FBF2 /* ViewController.swift */,
				B68D6EB028C280C70054FBF2 /* Main.storyboard */,
				B68D6EB328C280C90054FBF2 /* Assets.xcassets */,
				B68D6EB528C280C90054FBF2 /* LaunchScreen.storyboard */,
				B68D6EB828C280C90054FBF2 /* Info.plist */,
			);
			path = IBBasics;
			sourceTree = "<group>";
		};
		B68D6EC028C280C90054FBF2 /* IBBasicsTests */ = {
			isa = PBXGroup;
			children = (
				B68D6EC128C280C90054FBF2 /* IBBasicsTests.swift */,
			);
			path = IBBasicsTests;
			sourceTree = "<group>";
		};
		B68D6ECA28C280C90054FBF2 /* IBBasicsUITests */ = {
			isa = PBXGroup;
			children = (
				B68D6ECB28C280C90054FBF2 /* IBBasicsUITests.swift */,
				B68D6ECD28C280C90054FBF2 /* IBBasicsUITestsLaunchTests.swift */,
			);
			path = IBBasicsUITests;
			sourceTree = "<group>";
		};
/* End PBXGroup section */

/* Begin PBXNativeTarget section */
		B68D6EA628C280C70054FBF2 /* IBBasics */ = {
			isa = PBXNativeTarget;
			buildConfigurationList = B68D6ED128C280C90054FBF2 /* Build configuration list for PBXNativeTarget "IBBasics" */;
			buildPhases = (
				B68D6EA328C280C70054FBF2 /* Sources */,
				B68D6EA428C280C70054FBF2 /* Frameworks */,
				B68D6EA528C280C70054FBF2 /* Resources */,
			);
			buildRules = (
			);
			dependencies = (
			);
			name = IBBasics;
			productName = IBBasics;
			productReference = B68D6EA728C280C70054FBF2 /* IBBasics.app */;
			productType = "com.apple.product-type.application";
		};
		B68D6EBC28C280C90054FBF2 /* IBBasicsTests */ = {
			isa = PBXNativeTarget;
			buildConfigurationList = B68D6ED428C280C90054FBF2 /* Build configuration list for PBXNativeTarget "IBBasicsTests" */;
			buildPhases = (
				B68D6EB928C280C90054FBF2 /* Sources */,
				B68D6EBA28C280C90054FBF2 /* Frameworks */,
				B68D6EBB28C280C90054FBF2 /* Resources */,
			);
			buildRules = (
			);
			dependencies = (
				B68D6EBF28C280C90054FBF2 /* PBXTargetDependency */,
			);
			name = IBBasicsTests;
			productName = IBBasicsTests;
			productReference = B68D6EBD28C280C90054FBF2 /* IBBasicsTests.xctest */;
			productType = "com.apple.product-type.bundle.unit-test";
		};
		B68D6EC628C280C90054FBF2 /* IBBasicsUITests */ = {
			isa = PBXNativeTarget;
			buildConfigurationList = B68D6ED728C280C90054FBF2 /* Build configuration list for PBXNativeTarget "IBBasicsUITests" */;
			buildPhases = (
				B68D6EC328C280C90054FBF2 /* Sources */,
				B68D6EC428C280C90054FBF2 /* Frameworks */,
				B68D6EC528C280C90054FBF2 /* Resources */,
			);
			buildRules = (
			);
			dependencies = (
				B68D6EC928C280C90054FBF2 /* PBXTargetDependency */,
			);
			name = IBBasicsUITests;
			productName = IBBasicsUITests;
			productReference = B68D6EC728C280C90054FBF2 /* IBBasicsUITests.xctest */;
			productType = "com.apple.product-type.bundle.ui-testing";
		};
/* End PBXNativeTarget section */

/* Begin PBXProject section */
		B68D6E9F28C280C70054FBF2 /* Project object */ = {
			isa = PBXProject;
			attributes = {
				BuildIndependentTargetsInParallel = 1;
				LastSwiftUpdateCheck = 1340;
				LastUpgradeCheck = 1340;
				TargetAttributes = {
					B68D6EA628C280C70054FBF2 = {
						CreatedOnToolsVersion = 13.4.1;
					};
					B68D6EBC28C280C90054FBF2 = {
						CreatedOnToolsVersion = 13.4.1;
						TestTargetID = B68D6EA628C280C70054FBF2;
					};
					B68D6EC628C280C90054FBF2 = {
						CreatedOnToolsVersion = 13.4.1;
						TestTargetID = B68D6EA628C280C70054FBF2;
					};
				};
			};
			buildConfigurationList = B68D6EA228C280C70054FBF2 /* Build configuration list for PBXProject "IBBasics" */;
			compatibilityVersion = "Xcode 13.0";
			developmentRegion = en;
			hasScannedForEncodings = 0;
			knownRegions = (
				en,
				Base,
			);
			mainGroup = B68D6E9E28C280C70054FBF2;
			productRefGroup = B68D6EA828C280C70054FBF2 /* Products */;
			projectDirPath = "";
			projectRoot = "";
			targets = (
				B68D6EA628C280C70054FBF2 /* IBBasics */,
				B68D6EBC28C280C90054FBF2 /* IBBasicsTests */,
				B68D6EC628C280C90054FBF2 /* IBBasicsUITests */,
			);
		};
/* End PBXProject section */

/* Begin PBXResourcesBuildPhase section */
		B68D6EA528C280C70054FBF2 /* Resources */ = {
			isa = PBXResourcesBuildPhase;
			buildActionMask = 2147483647;
			files = (
				B68D6EB728C280C90054FBF2 /* LaunchScreen.storyboard in Resources */,
				B68D6EB428C280C90054FBF2 /* Assets.xcassets in Resources */,
				B68D6EB228C280C70054FBF2 /* Main.storyboard in Resources */,
			);
			runOnlyForDeploymentPostprocessing = 0;
		};
		B68D6EBB28C280C90054FBF2 /* Resources */ = {
			isa = PBXResourcesBuildPhase;
			buildActionMask = 2147483647;
			files = (
			);
			runOnlyForDeploymentPostprocessing = 0;
		};
		B68D6EC528C280C90054FBF2 /* Resources */ = {
			isa = PBXResourcesBuildPhase;
			buildActionMask = 2147483647;
			files = (
			);
			runOnlyForDeploymentPostprocessing = 0;
		};
/* End PBXResourcesBuildPhase section */

/* Begin PBXSourcesBuildPhase section */
		B68D6EA328C280C70054FBF2 /* Sources */ = {
			isa = PBXSourcesBuildPhase;
			buildActionMask = 2147483647;
			files = (
				B68D6EAF28C280C70054FBF2 /* ViewController.swift in Sources */,
				B68D6EAB28C280C70054FBF2 /* AppDelegate.swift in Sources */,
				B68D6EAD28C280C70054FBF2 /* SceneDelegate.swift in Sources */,
			);
			runOnlyForDeploymentPostprocessing = 0;
		};
		B68D6EB928C280C90054FBF2 /* Sources */ = {
			isa = PBXSourcesBuildPhase;
			buildActionMask = 2147483647;
			files = (
				B68D6EC228C280C90054FBF2 /* IBBasicsTests.swift in Sources */,
			);
			runOnlyForDeploymentPostprocessing = 0;
		};
		B68D6EC328C280C90054FBF2 /* Sources */ = {
			isa = PBXSourcesBuildPhase;
			buildActionMask = 2147483647;
			files = (
				B68D6ECE28C280C90054FBF2 /* IBBasicsUITestsLaunchTests.swift in Sources */,
				B68D6ECC28C280C90054FBF2 /* IBBasicsUITests.swift in Sources */,
			);
			runOnlyForDeploymentPostprocessing = 0;
		};
/* End PBXSourcesBuildPhase section */

/* Begin PBXTargetDependency section */
		B68D6EBF28C280C90054FBF2 /* PBXTargetDependency */ = {
			isa = PBXTargetDependency;
			target = B68D6EA628C280C70054FBF2 /* IBBasics */;
			targetProxy = B68D6EBE28C280C90054FBF2 /* PBXContainerItemProxy */;
		};
		B68D6EC928C280C90054FBF2 /* PBXTargetDependency */ = {
			isa = PBXTargetDependency;
			target = B68D6EA628C280C70054FBF2 /* IBBasics */;
			targetProxy = B68D6EC828C280C90054FBF2 /* PBXContainerItemProxy */;
		};
/* End PBXTargetDependency section */

/* Begin PBXVariantGroup section */
		B68D6EB028C280C70054FBF2 /* Main.storyboard */ = {
			isa = PBXVariantGroup;
			children = (
				B68D6EB128C280C70054FBF2 /* Base */,
			);
			name = Main.storyboard;
			sourceTree = "<group>";
		};
		B68D6EB528C280C90054FBF2 /* LaunchScreen.storyboard */ = {
			isa = PBXVariantGroup;
			children = (
				B68D6EB628C280C90054FBF2 /* Base */,
			);
			name = LaunchScreen.storyboard;
			sourceTree = "<group>";
		};
/* End PBXVariantGroup section */

/* Begin XCBuildConfiguration section */
		B68D6ECF28C280C90054FBF2 /* Debug */ = {
			isa = XCBuildConfiguration;
			buildSettings = {
				ALWAYS_SEARCH_USER_PATHS = NO;
				CLANG_ANALYZER_NONNULL = YES;
				CLANG_ANALYZER_NUMBER_OBJECT_CONVERSION = YES_AGGRESSIVE;
				CLANG_CXX_LANGUAGE_STANDARD = "gnu++17";
				CLANG_ENABLE_MODULES = YES;
				CLANG_ENABLE_OBJC_ARC = YES;
				CLANG_ENABLE_OBJC_WEAK = YES;
				CLANG_WARN_BLOCK_CAPTURE_AUTORELEASING = YES;
				CLANG_WARN_BOOL_CONVERSION = YES;
				CLANG_WARN_COMMA = YES;
				CLANG_WARN_CONSTANT_CONVERSION = YES;
				CLANG_WARN_DEPRECATED_OBJC_IMPLEMENTATIONS = YES;
				CLANG_WARN_DIRECT_OBJC_ISA_USAGE = YES_ERROR;
				CLANG_WARN_DOCUMENTATION_COMMENTS = YES;
				CLANG_WARN_EMPTY_BODY = YES;
				CLANG_WARN_ENUM_CONVERSION = YES;
				CLANG_WARN_INFINITE_RECURSION = YES;
				CLANG_WARN_INT_CONVERSION = YES;
				CLANG_WARN_NON_LITERAL_NULL_CONVERSION = YES;
				CLANG_WARN_OBJC_IMPLICIT_RETAIN_SELF = YES;
				CLANG_WARN_OBJC_LITERAL_CONVERSION = YES;
				CLANG_WARN_OBJC_ROOT_CLASS = YES_ERROR;
				CLANG_WARN_QUOTED_INCLUDE_IN_FRAMEWORK_HEADER = YES;
				CLANG_WARN_RANGE_LOOP_ANALYSIS = YES;
				CLANG_WARN_STRICT_PROTOTYPES = YES;
				CLANG_WARN_SUSPICIOUS_MOVE = YES;
				CLANG_WARN_UNGUARDED_AVAILABILITY = YES_AGGRESSIVE;
				CLANG_WARN_UNREACHABLE_CODE = YES;
				CLANG_WARN__DUPLICATE_METHOD_MATCH = YES;
				COPY_PHASE_STRIP = NO;
				DEBUG_INFORMATION_FORMAT = dwarf;
				ENABLE_STRICT_OBJC_MSGSEND = YES;
				ENABLE_TESTABILITY = YES;
				GCC_C_LANGUAGE_STANDARD = gnu11;
				GCC_DYNAMIC_NO_PIC = NO;
				GCC_NO_COMMON_BLOCKS = YES;
				GCC_OPTIMIZATION_LEVEL = 0;
				GCC_PREPROCESSOR_DEFINITIONS = (
					"DEBUG=1",
					"$(inherited)",
				);
				GCC_WARN_64_TO_32_BIT_CONVERSION = YES;
				GCC_WARN_ABOUT_RETURN_TYPE = YES_ERROR;
				GCC_WARN_UNDECLARED_SELECTOR = YES;
				GCC_WARN_UNINITIALIZED_AUTOS = YES_AGGRESSIVE;
				GCC_WARN_UNUSED_FUNCTION = YES;
				GCC_WARN_UNUSED_VARIABLE = YES;
				IPHONEOS_DEPLOYMENT_TARGET = 15.5;
				MTL_ENABLE_DEBUG_INFO = INCLUDE_SOURCE;
				MTL_FAST_MATH = YES;
				ONLY_ACTIVE_ARCH = YES;
				SDKROOT = iphoneos;
				SWIFT_ACTIVE_COMPILATION_CONDITIONS = DEBUG;
				SWIFT_OPTIMIZATION_LEVEL = "-Onone";
			};
			name = Debug;
		};
		B68D6ED028C280C90054FBF2 /* Release */ = {
			isa = XCBuildConfiguration;
			buildSettings = {
				ALWAYS_SEARCH_USER_PATHS = NO;
				CLANG_ANALYZER_NONNULL = YES;
				CLANG_ANALYZER_NUMBER_OBJECT_CONVERSION = YES_AGGRESSIVE;
				CLANG_CXX_LANGUAGE_STANDARD = "gnu++17";
				CLANG_ENABLE_MODULES = YES;
				CLANG_ENABLE_OBJC_ARC = YES;
				CLANG_ENABLE_OBJC_WEAK = YES;
				CLANG_WARN_BLOCK_CAPTURE_AUTORELEASING = YES;
				CLANG_WARN_BOOL_CONVERSION = YES;
				CLANG_WARN_COMMA = YES;
				CLANG_WARN_CONSTANT_CONVERSION = YES;
				CLANG_WARN_DEPRECATED_OBJC_IMPLEMENTATIONS = YES;
				CLANG_WARN_DIRECT_OBJC_ISA_USAGE = YES_ERROR;
				CLANG_WARN_DOCUMENTATION_COMMENTS = YES;
				CLANG_WARN_EMPTY_BODY = YES;
				CLANG_WARN_ENUM_CONVERSION = YES;
				CLANG_WARN_INFINITE_RECURSION = YES;
				CLANG_WARN_INT_CONVERSION = YES;
				CLANG_WARN_NON_LITERAL_NULL_CONVERSION = YES;
				CLANG_WARN_OBJC_IMPLICIT_RETAIN_SELF = YES;
				CLANG_WARN_OBJC_LITERAL_CONVERSION = YES;
				CLANG_WARN_OBJC_ROOT_CLASS = YES_ERROR;
				CLANG_WARN_QUOTED_INCLUDE_IN_FRAMEWORK_HEADER = YES;
				CLANG_WARN_RANGE_LOOP_ANALYSIS = YES;
				CLANG_WARN_STRICT_PROTOTYPES = YES;
				CLANG_WARN_SUSPICIOUS_MOVE = YES;
				CLANG_WARN_UNGUARDED_AVAILABILITY = YES_AGGRESSIVE;
				CLANG_WARN_UNREACHABLE_CODE = YES;
				CLANG_WARN__DUPLICATE_METHOD_MATCH = YES;
				COPY_PHASE_STRIP = NO;
				DEBUG_INFORMATION_FORMAT = "dwarf-with-dsym";
				ENABLE_NS_ASSERTIONS = NO;
				ENABLE_STRICT_OBJC_MSGSEND = YES;
				GCC_C_LANGUAGE_STANDARD = gnu11;
				GCC_NO_COMMON_BLOCKS = YES;
				GCC_WARN_64_TO_32_BIT_CONVERSION = YES;
				GCC_WARN_ABOUT_RETURN_TYPE = YES_ERROR;
				GCC_WARN_UNDECLARED_SELECTOR = YES;
				GCC_WARN_UNINITIALIZED_AUTOS = YES_AGGRESSIVE;
				GCC_WARN_UNUSED_FUNCTION = YES;
				GCC_WARN_UNUSED_VARIABLE = YES;
				IPHONEOS_DEPLOYMENT_TARGET = 15.5;
				MTL_ENABLE_DEBUG_INFO = NO;
				MTL_FAST_MATH = YES;
				SDKROOT = iphoneos;
				SWIFT_COMPILATION_MODE = wholemodule;
				SWIFT_OPTIMIZATION_LEVEL = "-O";
				VALIDATE_PRODUCT = YES;
			};
			name = Release;
		};
		B68D6ED228C280C90054FBF2 /* Debug */ = {
			isa = XCBuildConfiguration;
			buildSettings = {
				ASSETCATALOG_COMPILER_APPICON_NAME = AppIcon;
				ASSETCATALOG_COMPILER_GLOBAL_ACCENT_COLOR_NAME = AccentColor;
				CODE_SIGN_STYLE = Automatic;
				CURRENT_PROJECT_VERSION = 1;
				GENERATE_INFOPLIST_FILE = YES;
				INFOPLIST_FILE = IBBasics/Info.plist;
				INFOPLIST_KEY_UIApplicationSupportsIndirectInputEvents = YES;
				INFOPLIST_KEY_UILaunchStoryboardName = LaunchScreen;
				INFOPLIST_KEY_UIMainStoryboardFile = Main;
				INFOPLIST_KEY_UISupportedInterfaceOrientations_iPad = "UIInterfaceOrientationPortrait UIInterfaceOrientationPortraitUpsideDown UIInterfaceOrientationLandscapeLeft UIInterfaceOrientationLandscapeRight";
				INFOPLIST_KEY_UISupportedInterfaceOrientations_iPhone = "UIInterfaceOrientationPortrait UIInterfaceOrientationLandscapeLeft UIInterfaceOrientationLandscapeRight";
				LD_RUNPATH_SEARCH_PATHS = (
					"$(inherited)",
					"@executable_path/Frameworks",
				);
				MARKETING_VERSION = 1.0;
				PRODUCT_BUNDLE_IDENTIFIER = zachary.IBBasics;
				PRODUCT_NAME = "$(TARGET_NAME)";
				SWIFT_EMIT_LOC_STRINGS = YES;
				SWIFT_VERSION = 5.0;
				TARGETED_DEVICE_FAMILY = "1,2";
			};
			name = Debug;
		};
		B68D6ED328C280C90054FBF2 /* Release */ = {
			isa = XCBuildConfiguration;
			buildSettings = {
				ASSETCATALOG_COMPILER_APPICON_NAME = AppIcon;
				ASSETCATALOG_COMPILER_GLOBAL_ACCENT_COLOR_NAME = AccentColor;
				CODE_SIGN_STYLE = Automatic;
				CURRENT_PROJECT_VERSION = 1;
				GENERATE_INFOPLIST_FILE = YES;
				INFOPLIST_FILE = IBBasics/Info.plist;
				INFOPLIST_KEY_UIApplicationSupportsIndirectInputEvents = YES;
				INFOPLIST_KEY_UILaunchStoryboardName = LaunchScreen;
				INFOPLIST_KEY_UIMainStoryboardFile = Main;
				INFOPLIST_KEY_UISupportedInterfaceOrientations_iPad = "UIInterfaceOrientationPortrait UIInterfaceOrientationPortraitUpsideDown UIInterfaceOrientationLandscapeLeft UIInterfaceOrientationLandscapeRight";
				INFOPLIST_KEY_UISupportedInterfaceOrientations_iPhone = "UIInterfaceOrientationPortrait UIInterfaceOrientationLandscapeLeft UIInterfaceOrientationLandscapeRight";
				LD_RUNPATH_SEARCH_PATHS = (
					"$(inherited)",
					"@executable_path/Frameworks",
				);
				MARKETING_VERSION = 1.0;
				PRODUCT_BUNDLE_IDENTIFIER = zachary.IBBasics;
				PRODUCT_NAME = "$(TARGET_NAME)";
				SWIFT_EMIT_LOC_STRINGS = YES;
				SWIFT_VERSION = 5.0;
				TARGETED_DEVICE_FAMILY = "1,2";
			};
			name = Release;
		};
		B68D6ED528C280C90054FBF2 /* Debug */ = {
			isa = XCBuildConfiguration;
			buildSettings = {
				ALWAYS_EMBED_SWIFT_STANDARD_LIBRARIES = YES;
				BUNDLE_LOADER = "$(TEST_HOST)";
				CODE_SIGN_STYLE = Automatic;
				CURRENT_PROJECT_VERSION = 1;
				GENERATE_INFOPLIST_FILE = YES;
				IPHONEOS_DEPLOYMENT_TARGET = 15.5;
				MARKETING_VERSION = 1.0;
				PRODUCT_BUNDLE_IDENTIFIER = zachary.IBBasicsTests;
				PRODUCT_NAME = "$(TARGET_NAME)";
				SWIFT_EMIT_LOC_STRINGS = NO;
				SWIFT_VERSION = 5.0;
				TARGETED_DEVICE_FAMILY = "1,2";
				TEST_HOST = "$(BUILT_PRODUCTS_DIR)/IBBasics.app/IBBasics";
			};
			name = Debug;
		};
		B68D6ED628C280C90054FBF2 /* Release */ = {
			isa = XCBuildConfiguration;
			buildSettings = {
				ALWAYS_EMBED_SWIFT_STANDARD_LIBRARIES = YES;
				BUNDLE_LOADER = "$(TEST_HOST)";
				CODE_SIGN_STYLE = Automatic;
				CURRENT_PROJECT_VERSION = 1;
				GENERATE_INFOPLIST_FILE = YES;
				IPHONEOS_DEPLOYMENT_TARGET = 15.5;
				MARKETING_VERSION = 1.0;
				PRODUCT_BUNDLE_IDENTIFIER = zachary.IBBasicsTests;
				PRODUCT_NAME = "$(TARGET_NAME)";
				SWIFT_EMIT_LOC_STRINGS = NO;
				SWIFT_VERSION = 5.0;
				TARGETED_DEVICE_FAMILY = "1,2";
				TEST_HOST = "$(BUILT_PRODUCTS_DIR)/IBBasics.app/IBBasics";
			};
			name = Release;
		};
		B68D6ED828C280C90054FBF2 /* Debug */ = {
			isa = XCBuildConfiguration;
			buildSettings = {
				ALWAYS_EMBED_SWIFT_STANDARD_LIBRARIES = YES;
				CODE_SIGN_STYLE = Automatic;
				CURRENT_PROJECT_VERSION = 1;
				GENERATE_INFOPLIST_FILE = YES;
				MARKETING_VERSION = 1.0;
				PRODUCT_BUNDLE_IDENTIFIER = zachary.IBBasicsUITests;
				PRODUCT_NAME = "$(TARGET_NAME)";
				SWIFT_EMIT_LOC_STRINGS = NO;
				SWIFT_VERSION = 5.0;
				TARGETED_DEVICE_FAMILY = "1,2";
				TEST_TARGET_NAME = IBBasics;
			};
			name = Debug;
		};
		B68D6ED928C280C90054FBF2 /* Release */ = {
			isa = XCBuildConfiguration;
			buildSettings = {
				ALWAYS_EMBED_SWIFT_STANDARD_LIBRARIES = YES;
				CODE_SIGN_STYLE = Automatic;
				CURRENT_PROJECT_VERSION = 1;
				GENERATE_INFOPLIST_FILE = YES;
				MARKETING_VERSION = 1.0;
				PRODUCT_BUNDLE_IDENTIFIER = zachary.IBBasicsUITests;
				PRODUCT_NAME = "$(TARGET_NAME)";
				SWIFT_EMIT_LOC_STRINGS = NO;
				SWIFT_VERSION = 5.0;
				TARGETED_DEVICE_FAMILY = "1,2";
				TEST_TARGET_NAME = IBBasics;
			};
			name = Release;
		};
/* End XCBuildConfiguration section */

/* Begin XCConfigurationList section */
		B68D6EA228C280C70054FBF2 /* Build configuration list for PBXProject "IBBasics" */ = {
			isa = XCConfigurationList;
			buildConfigurations = (
				B68D6ECF28C280C90054FBF2 /* Debug */,
				B68D6ED028C280C90054FBF2 /* Release */,
			);
			defaultConfigurationIsVisible = 0;
			defaultConfigurationName = Release;
		};
		B68D6ED128C280C90054FBF2 /* Build configuration list for PBXNativeTarget "IBBasics" */ = {
			isa = XCConfigurationList;
			buildConfigurations = (
				B68D6ED228C280C90054FBF2 /* Debug */,
				B68D6ED328C280C90054FBF2 /* Release */,
			);
			defaultConfigurationIsVisible = 0;
			defaultConfigurationName = Release;
		};
		B68D6ED428C280C90054FBF2 /* Build configuration list for PBXNativeTarget "IBBasicsTests" */ = {
			isa = XCConfigurationList;
			buildConfigurations = (
				B68D6ED528C280C90054FBF2 /* Debug */,
				B68D6ED628C280C90054FBF2 /* Release */,
			);
			defaultConfigurationIsVisible = 0;
			defaultConfigurationName = Release;
		};
		B68D6ED728C280C90054FBF2 /* Build configuration list for PBXNativeTarget "IBBasicsUITests" */ = {
			isa = XCConfigurationList;
			buildConfigurations = (
				B68D6ED828C280C90054FBF2 /* Debug */,
				B68D6ED928C280C90054FBF2 /* Release */,
			);
			defaultConfigurationIsVisible = 0;
			defaultConfigurationName = Release;
		};
/* End XCConfigurationList section */
	};
	rootObject = B68D6E9F28C280C70054FBF2 /* Project object */;
}
